
Microsoft Visual Studio Solution File, Format Version 11.00
# Visual Studio 2010
Project("{8BC9CEB8-8B4A-11D0-8D11-00A0C91BC942}") = "Scott_creek", "Scott_creek\Scott_creek.vcxproj", "{C3803076-05A7-4E02-B6C2-A92FB61173EA}"
EndProject
Global
	GlobalSection(SolutionConfigurationPlatforms) = preSolution
		Debug|Win32 = Debug|Win32
		Release|Win32 = Release|Win32
	EndGlobalSection
	GlobalSection(ProjectConfigurationPlatforms) = postSolution
		{C3803076-05A7-4E02-B6C2-A92FB61173EA}.Debug|Win32.ActiveCfg = Debug|Win32
		{C3803076-05A7-4E02-B6C2-A92FB61173EA}.Debug|Win32.Build.0 = Debug|Win32
		{C3803076-05A7-4E02-B6C2-A92FB61173EA}.Release|Win32.ActiveCfg = Release|Win32
		{C3803076-05A7-4E02-B6C2-A92FB61173EA}.Release|Win32.Build.0 = Release|Win32
	EndGlobalSection
	GlobalSection(SolutionProperties) = preSolution
		HideSolutionNode = FALSE
	EndGlobalSection
EndGlobal
